
Microsoft Visual Studio Solution File, Format Version 12.00
# Visual Studio 2012
Project("{FAE04EC0-301F-11D3-BF4B-00C04F79EFBC}") = "RLFramework", "RLFramework\RLFramework.csproj", "{B6ECB140-CA17-42DD-8FC4-3E82837B1EFB}"
EndProject
Project("{FAE04EC0-301F-11D3-BF4B-00C04F79EFBC}") = "EnvironmentTest", "EnvironmentTest\EnvironmentTest.csproj", "{9C9FA556-2D0F-4559-BB9D-2C1F828DD87B}"
EndProject
Project("{FAE04EC0-301F-11D3-BF4B-00C04F79EFBC}") = "AgentTest", "AgentTest\AgentTest.csproj", "{35B448D0-B71A-4A0F-8DE0-35C4563148BB}"
EndProject
Project("{FAE04EC0-301F-11D3-BF4B-00C04F79EFBC}") = "MyRandom", "..\OpinionSharing4\RandomPool\MyRandom.csproj", "{A57ABDA1-7ACD-4B47-A8EC-09B1CE499976}"
EndProject
Global
	GlobalSection(SolutionConfigurationPlatforms) = preSolution
		Debug|Any CPU = Debug|Any CPU
		Release|Any CPU = Release|Any CPU
	EndGlobalSection
	GlobalSection(ProjectConfigurationPlatforms) = postSolution
		{B6ECB140-CA17-42DD-8FC4-3E82837B1EFB}.Debug|Any CPU.ActiveCfg = Debug|Any CPU
		{B6ECB140-CA17-42DD-8FC4-3E82837B1EFB}.Debug|Any CPU.Build.0 = Debug|Any CPU
		{B6ECB140-CA17-42DD-8FC4-3E82837B1EFB}.Release|Any CPU.ActiveCfg = Release|Any CPU
		{B6ECB140-CA17-42DD-8FC4-3E82837B1EFB}.Release|Any CPU.Build.0 = Release|Any CPU
		{9C9FA556-2D0F-4559-BB9D-2C1F828DD87B}.Debug|Any CPU.ActiveCfg = Debug|Any CPU
		{9C9FA556-2D0F-4559-BB9D-2C1F828DD87B}.Debug|Any CPU.Build.0 = Debug|Any CPU
		{9C9FA556-2D0F-4559-BB9D-2C1F828DD87B}.Release|Any CPU.ActiveCfg = Release|Any CPU
		{9C9FA556-2D0F-4559-BB9D-2C1F828DD87B}.Release|Any CPU.Build.0 = Release|Any CPU
		{35B448D0-B71A-4A0F-8DE0-35C4563148BB}.Debug|Any CPU.ActiveCfg = Debug|Any CPU
		{35B448D0-B71A-4A0F-8DE0-35C4563148BB}.Debug|Any CPU.Build.0 = Debug|Any CPU
		{35B448D0-B71A-4A0F-8DE0-35C4563148BB}.Release|Any CPU.ActiveCfg = Release|Any CPU
		{35B448D0-B71A-4A0F-8DE0-35C4563148BB}.Release|Any CPU.Build.0 = Release|Any CPU
		{A57ABDA1-7ACD-4B47-A8EC-09B1CE499976}.Debug|Any CPU.ActiveCfg = Debug|Any CPU
		{A57ABDA1-7ACD-4B47-A8EC-09B1CE499976}.Debug|Any CPU.Build.0 = Debug|Any CPU
		{A57ABDA1-7ACD-4B47-A8EC-09B1CE499976}.Release|Any CPU.ActiveCfg = Release|Any CPU
		{A57ABDA1-7ACD-4B47-A8EC-09B1CE499976}.Release|Any CPU.Build.0 = Release|Any CPU
	EndGlobalSection
	GlobalSection(SolutionProperties) = preSolution
		HideSolutionNode = FALSE
	EndGlobalSection
EndGlobal
